
Microsoft Visual Studio Solution File, Format Version 12.00
# Visual Studio Version 17
VisualStudioVersion = 17.0.31903.59
MinimumVisualStudioVersion = 10.0.40219.1
Project("{2150E333-8FDC-42A3-9474-1A3956D46DE8}") = "src", "src", "{827E0CD3-B72D-47B6-A68D-7590B98EB39B}"
EndProject
Project("{FAE04EC0-301F-11D3-BF4B-00C04F79EFBC}") = "RoverEmulator", "src\RoverEmulator\RoverEmulator.csproj", "{3446D196-D828-4C0E-BB4D-8B363711DB18}"
EndProject
Project("{FAE04EC0-301F-11D3-BF4B-00C04F79EFBC}") = "Telemetry.Contracts", "src\Telemetry.Contracts\Telemetry.Contracts.csproj", "{F6BA523A-DD59-437C-80D1-0488048DFFC6}"
EndProject
Project("{FAE04EC0-301F-11D3-BF4B-00C04F79EFBC}") = "FleetDashboard", "src\FleetDashboard\FleetDashboard.csproj", "{A56F2292-A665-42E9-BF6A-4F1872827972}"
EndProject
Project("{FAE04EC0-301F-11D3-BF4B-00C04F79EFBC}") = "FleetProcessor", "src\FleetProcessor\FleetProcessor.csproj", "{1BF1DAA8-0D39-43E6-BA2B-2022C3400CCB}"
EndProject
Global
	GlobalSection(SolutionConfigurationPlatforms) = preSolution
		Debug|Any CPU = Debug|Any CPU
		Debug|x64 = Debug|x64
		Debug|x86 = Debug|x86
		Release|Any CPU = Release|Any CPU
		Release|x64 = Release|x64
		Release|x86 = Release|x86
	EndGlobalSection
	GlobalSection(ProjectConfigurationPlatforms) = postSolution
		{3446D196-D828-4C0E-BB4D-8B363711DB18}.Debug|Any CPU.ActiveCfg = Debug|Any CPU
		{3446D196-D828-4C0E-BB4D-8B363711DB18}.Debug|Any CPU.Build.0 = Debug|Any CPU
		{3446D196-D828-4C0E-BB4D-8B363711DB18}.Debug|x64.ActiveCfg = Debug|Any CPU
		{3446D196-D828-4C0E-BB4D-8B363711DB18}.Debug|x64.Build.0 = Debug|Any CPU
		{3446D196-D828-4C0E-BB4D-8B363711DB18}.Debug|x86.ActiveCfg = Debug|Any CPU
		{3446D196-D828-4C0E-BB4D-8B363711DB18}.Debug|x86.Build.0 = Debug|Any CPU
		{3446D196-D828-4C0E-BB4D-8B363711DB18}.Release|Any CPU.ActiveCfg = Release|Any CPU
		{3446D196-D828-4C0E-BB4D-8B363711DB18}.Release|Any CPU.Build.0 = Release|Any CPU
		{3446D196-D828-4C0E-BB4D-8B363711DB18}.Release|x64.ActiveCfg = Release|Any CPU
		{3446D196-D828-4C0E-BB4D-8B363711DB18}.Release|x64.Build.0 = Release|Any CPU
		{3446D196-D828-4C0E-BB4D-8B363711DB18}.Release|x86.ActiveCfg = Release|Any CPU
		{3446D196-D828-4C0E-BB4D-8B363711DB18}.Release|x86.Build.0 = Release|Any CPU
		{F6BA523A-DD59-437C-80D1-0488048DFFC6}.Debug|Any CPU.ActiveCfg = Debug|Any CPU
		{F6BA523A-DD59-437C-80D1-0488048DFFC6}.Debug|Any CPU.Build.0 = Debug|Any CPU
		{F6BA523A-DD59-437C-80D1-0488048DFFC6}.Debug|x64.ActiveCfg = Debug|Any CPU
		{F6BA523A-DD59-437C-80D1-0488048DFFC6}.Debug|x64.Build.0 = Debug|Any CPU
		{F6BA523A-DD59-437C-80D1-0488048DFFC6}.Debug|x86.ActiveCfg = Debug|Any CPU
		{F6BA523A-DD59-437C-80D1-0488048DFFC6}.Debug|x86.Build.0 = Debug|Any CPU
		{F6BA523A-DD59-437C-80D1-0488048DFFC6}.Release|Any CPU.ActiveCfg = Release|Any CPU
		{F6BA523A-DD59-437C-80D1-0488048DFFC6}.Release|Any CPU.Build.0 = Release|Any CPU
		{F6BA523A-DD59-437C-80D1-0488048DFFC6}.Release|x64.ActiveCfg = Release|Any CPU
		{F6BA523A-DD59-437C-80D1-0488048DFFC6}.Release|x64.Build.0 = Release|Any CPU
		{F6BA523A-DD59-437C-80D1-0488048DFFC6}.Release|x86.ActiveCfg = Release|Any CPU
		{F6BA523A-DD59-437C-80D1-0488048DFFC6}.Release|x86.Build.0 = Release|Any CPU
		{A56F2292-A665-42E9-BF6A-4F1872827972}.Debug|Any CPU.ActiveCfg = Debug|Any CPU
		{A56F2292-A665-42E9-BF6A-4F1872827972}.Debug|Any CPU.Build.0 = Debug|Any CPU
		{A56F2292-A665-42E9-BF6A-4F1872827972}.Debug|x64.ActiveCfg = Debug|Any CPU
		{A56F2292-A665-42E9-BF6A-4F1872827972}.Debug|x64.Build.0 = Debug|Any CPU
		{A56F2292-A665-42E9-BF6A-4F1872827972}.Debug|x86.ActiveCfg = Debug|Any CPU
		{A56F2292-A665-42E9-BF6A-4F1872827972}.Debug|x86.Build.0 = Debug|Any CPU
		{A56F2292-A665-42E9-BF6A-4F1872827972}.Release|Any CPU.ActiveCfg = Release|Any CPU
		{A56F2292-A665-42E9-BF6A-4F1872827972}.Release|Any CPU.Build.0 = Release|Any CPU
		{A56F2292-A665-42E9-BF6A-4F1872827972}.Release|x64.ActiveCfg = Release|Any CPU
		{A56F2292-A665-42E9-BF6A-4F1872827972}.Release|x64.Build.0 = Release|Any CPU
		{A56F2292-A665-42E9-BF6A-4F1872827972}.Release|x86.ActiveCfg = Release|Any CPU
		{A56F2292-A665-42E9-BF6A-4F1872827972}.Release|x86.Build.0 = Release|Any CPU
		{1BF1DAA8-0D39-43E6-BA2B-2022C3400CCB}.Debug|Any CPU.ActiveCfg = Debug|Any CPU
		{1BF1DAA8-0D39-43E6-BA2B-2022C3400CCB}.Debug|Any CPU.Build.0 = Debug|Any CPU
		{1BF1DAA8-0D39-43E6-BA2B-2022C3400CCB}.Debug|x64.ActiveCfg = Debug|Any CPU
		{1BF1DAA8-0D39-43E6-BA2B-2022C3400CCB}.Debug|x64.Build.0 = Debug|Any CPU
		{1BF1DAA8-0D39-43E6-BA2B-2022C3400CCB}.Debug|x86.ActiveCfg = Debug|Any CPU
		{1BF1DAA8-0D39-43E6-BA2B-2022C3400CCB}.Debug|x86.Build.0 = Debug|Any CPU
		{1BF1DAA8-0D39-43E6-BA2B-2022C3400CCB}.Release|Any CPU.ActiveCfg = Release|Any CPU
		{1BF1DAA8-0D39-43E6-BA2B-2022C3400CCB}.Release|Any CPU.Build.0 = Release|Any CPU
		{1BF1DAA8-0D39-43E6-BA2B-2022C3400CCB}.Release|x64.ActiveCfg = Release|Any CPU
		{1BF1DAA8-0D39-43E6-BA2B-2022C3400CCB}.Release|x64.Build.0 = Release|Any CPU
		{1BF1DAA8-0D39-43E6-BA2B-2022C3400CCB}.Release|x86.ActiveCfg = Release|Any CPU
		{1BF1DAA8-0D39-43E6-BA2B-2022C3400CCB}.Release|x86.Build.0 = Release|Any CPU
	EndGlobalSection
	GlobalSection(SolutionProperties) = preSolution
		HideSolutionNode = FALSE
	EndGlobalSection
	GlobalSection(NestedProjects) = preSolution
		{3446D196-D828-4C0E-BB4D-8B363711DB18} = {827E0CD3-B72D-47B6-A68D-7590B98EB39B}
		{F6BA523A-DD59-437C-80D1-0488048DFFC6} = {827E0CD3-B72D-47B6-A68D-7590B98EB39B}
		{A56F2292-A665-42E9-BF6A-4F1872827972} = {827E0CD3-B72D-47B6-A68D-7590B98EB39B}
		{1BF1DAA8-0D39-43E6-BA2B-2022C3400CCB} = {827E0CD3-B72D-47B6-A68D-7590B98EB39B}
	EndGlobalSection
EndGlobal
